// !$*UTF8*$!
{
	archiveVersion = 1;
	classes = {
	};
	objectVersion = 77;
	objects = {

/* Begin PBXContainerItemProxy section */
		6885F5282EB17DC00052D1A3 /* PBXContainerItemProxy */ = {
			isa = PBXContainerItemProxy;
			containerPortal = 6885F5122EB17DBD0052D1A3 /* Project object */;
			proxyType = 1;
			remoteGlobalIDString = 6885F5192EB17DBD0052D1A3;
			remoteInfo = "CP317-Application";
		};
		6885F5322EB17DC00052D1A3 /* PBXContainerItemProxy */ = {
			isa = PBXContainerItemProxy;
			containerPortal = 6885F5122EB17DBD0052D1A3 /* Project object */;
			proxyType = 1;
			remoteGlobalIDString = 6885F5192EB17DBD0052D1A3;
			remoteInfo = "CP317-Application";
		};
/* End PBXContainerItemProxy section */

/* Begin PBXFileReference section */
		6885F51A2EB17DBD0052D1A3 /* CP317-Application.app */ = {isa = PBXFileReference; explicitFileType = wrapper.application; includeInIndex = 0; path = "CP317-Application.app"; sourceTree = BUILT_PRODUCTS_DIR; };
		6885F5272EB17DC00052D1A3 /* CP317-ApplicationTests.xctest */ = {isa = PBXFileReference; explicitFileType = wrapper.cfbundle; includeInIndex = 0; path = "CP317-ApplicationTests.xctest"; sourceTree = BUILT_PRODUCTS_DIR; };
		6885F5312EB17DC00052D1A3 /* CP317-ApplicationUITests.xctest */ = {isa = PBXFileReference; explicitFileType = wrapper.cfbundle; includeInIndex = 0; path = "CP317-ApplicationUITests.xctest"; sourceTree = BUILT_PRODUCTS_DIR; };
/* End PBXFileReference section */

/* Begin PBXFileSystemSynchronizedBuildFileExceptionSet section */
		6885F5462EB17F0A0052D1A3 /* Exceptions for "CP317-Application" folder in "CP317-Application" target */ = {
			isa = PBXFileSystemSynchronizedBuildFileExceptionSet;
			membershipExceptions = (
				Info.plist,
			);
			target = 6885F5192EB17DBD0052D1A3 /* CP317-Application */;
		};
/* End PBXFileSystemSynchronizedBuildFileExceptionSet section */

/* Begin PBXFileSystemSynchronizedRootGroup section */
		6885F51C2EB17DBD0052D1A3 /* CP317-Application */ = {
			isa = PBXFileSystemSynchronizedRootGroup;
			exceptions = (
				6885F5462EB17F0A0052D1A3 /* Exceptions for "CP317-Application" folder in "CP317-Application" target */,
			);
			path = "CP317-Application";
			sourceTree = "<group>";
		};
		6885F52A2EB17DC00052D1A3 /* CP317-ApplicationTests */ = {
			isa = PBXFileSystemSynchronizedRootGroup;
			path = "CP317-ApplicationTests";
			sourceTree = "<group>";
		};
		6885F5342EB17DC00052D1A3 /* CP317-ApplicationUITests */ = {
			isa = PBXFileSystemSynchronizedRootGroup;
			path = "CP317-ApplicationUITests";
			sourceTree = "<group>";
		};
/* End PBXFileSystemSynchronizedRootGroup section */

/* Begin PBXFrameworksBuildPhase section */
		6885F5172EB17DBD0052D1A3 /* Frameworks */ = {
			isa = PBXFrameworksBuildPhase;
			buildActionMask = 2147483647;
			files = (
			);
			runOnlyForDeploymentPostprocessing = 0;
		};
		6885F5242EB17DC00052D1A3 /* Frameworks */ = {
			isa = PBXFrameworksBuildPhase;
			buildActionMask = 2147483647;
			files = (
			);
			runOnlyForDeploymentPostprocessing = 0;
		};
		6885F52E2EB17DC00052D1A3 /* Frameworks */ = {
			isa = PBXFrameworksBuildPhase;
			buildActionMask = 2147483647;
			files = (
			);
			runOnlyForDeploymentPostprocessing = 0;
		};
/* End PBXFrameworksBuildPhase section */

/* Begin PBXGroup section */
		6885F5112EB17DBD0052D1A3 = {
			isa = PBXGroup;
			children = (
				6885F51C2EB17DBD0052D1A3 /* CP317-Application */,
				6885F52A2EB17DC00052D1A3 /* CP317-ApplicationTests */,
				6885F5342EB17DC00052D1A3 /* CP317-ApplicationUITests */,
				6885F51B2EB17DBD0052D1A3 /* Products */,
			);
			sourceTree = "<group>";
		};
		6885F51B2EB17DBD0052D1A3 /* Products */ = {
			isa = PBXGroup;
			children = (
				6885F51A2EB17DBD0052D1A3 /* CP317-Application.app */,
				6885F5272EB17DC00052D1A3 /* CP317-ApplicationTests.xctest */,
				6885F5312EB17DC00052D1A3 /* CP317-ApplicationUITests.xctest */,
			);
			name = Products;
			sourceTree = "<group>";
		};
/* End PBXGroup section */

/* Begin PBXNativeTarget section */
		6885F5192EB17DBD0052D1A3 /* CP317-Application */ = {
			isa = PBXNativeTarget;
			buildConfigurationList = 6885F53B2EB17DC00052D1A3 /* Build configuration list for PBXNativeTarget "CP317-Application" */;
			buildPhases = (
				6885F5162EB17DBD0052D1A3 /* Sources */,
				6885F5172EB17DBD0052D1A3 /* Frameworks */,
				6885F5182EB17DBD0052D1A3 /* Resources */,
			);
			buildRules = (
			);
			dependencies = (
			);
			fileSystemSynchronizedGroups = (
				6885F51C2EB17DBD0052D1A3 /* CP317-Application */,
			);
			name = "CP317-Application";
			packageProductDependencies = (
			);
			productName = "CP317-Application";
			productReference = 6885F51A2EB17DBD0052D1A3 /* CP317-Application.app */;
			productType = "com.apple.product-type.application";
		};
		6885F5262EB17DC00052D1A3 /* CP317-ApplicationTests */ = {
			isa = PBXNativeTarget;
			buildConfigurationList = 6885F53E2EB17DC00052D1A3 /* Build configuration list for PBXNativeTarget "CP317-ApplicationTests" */;
			buildPhases = (
				6885F5232EB17DC00052D1A3 /* Sources */,
				6885F5242EB17DC00052D1A3 /* Frameworks */,
				6885F5252EB17DC00052D1A3 /* Resources */,
			);
			buildRules = (
			);
			dependencies = (
				6885F5292EB17DC00052D1A3 /* PBXTargetDependency */,
			);
			fileSystemSynchronizedGroups = (
				6885F52A2EB17DC00052D1A3 /* CP317-ApplicationTests */,
			);
			name = "CP317-ApplicationTests";
			packageProductDependencies = (
			);
			productName = "CP317-ApplicationTests";
			productReference = 6885F5272EB17DC00052D1A3 /* CP317-ApplicationTests.xctest */;
			productType = "com.apple.product-type.bundle.unit-test";
		};
		6885F5302EB17DC00052D1A3 /* CP317-ApplicationUITests */ = {
			isa = PBXNativeTarget;
			buildConfigurationList = 6885F5412EB17DC00052D1A3 /* Build configuration list for PBXNativeTarget "CP317-ApplicationUITests" */;
			buildPhases = (
				6885F52D2EB17DC00052D1A3 /* Sources */,
				6885F52E2EB17DC00052D1A3 /* Frameworks */,
				6885F52F2EB17DC00052D1A3 /* Resources */,
			);
			buildRules = (
			);
			dependencies = (
				6885F5332EB17DC00052D1A3 /* PBXTargetDependency */,
			);
			fileSystemSynchronizedGroups = (
				6885F5342EB17DC00052D1A3 /* CP317-ApplicationUITests */,
			);
			name = "CP317-ApplicationUITests";
			packageProductDependencies = (
			);
			productName = "CP317-ApplicationUITests";
			productReference = 6885F5312EB17DC00052D1A3 /* CP317-ApplicationUITests.xctest */;
			productType = "com.apple.product-type.bundle.ui-testing";
		};
/* End PBXNativeTarget section */

/* Begin PBXProject section */
		6885F5122EB17DBD0052D1A3 /* Project object */ = {
			isa = PBXProject;
			attributes = {
				BuildIndependentTargetsInParallel = 1;
				LastSwiftUpdateCheck = 1640;
				LastUpgradeCheck = 1640;
				TargetAttributes = {
					6885F5192EB17DBD0052D1A3 = {
						CreatedOnToolsVersion = 16.4;
					};
					6885F5262EB17DC00052D1A3 = {
						CreatedOnToolsVersion = 16.4;
						TestTargetID = 6885F5192EB17DBD0052D1A3;
					};
					6885F5302EB17DC00052D1A3 = {
						CreatedOnToolsVersion = 16.4;
						TestTargetID = 6885F5192EB17DBD0052D1A3;
					};
				};
			};
			buildConfigurationList = 6885F5152EB17DBD0052D1A3 /* Build configuration list for PBXProject "CP317-Application" */;
			developmentRegion = en;
			hasScannedForEncodings = 0;
			knownRegions = (
				en,
				Base,
			);
			mainGroup = 6885F5112EB17DBD0052D1A3;
			minimizedProjectReferenceProxies = 1;
			preferredProjectObjectVersion = 77;
			productRefGroup = 6885F51B2EB17DBD0052D1A3 /* Products */;
			projectDirPath = "";
			projectRoot = "";
			targets = (
				6885F5192EB17DBD0052D1A3 /* CP317-Application */,
				6885F5262EB17DC00052D1A3 /* CP317-ApplicationTests */,
				6885F5302EB17DC00052D1A3 /* CP317-ApplicationUITests */,
			);
		};
/* End PBXProject section */

/* Begin PBXResourcesBuildPhase section */
		6885F5182EB17DBD0052D1A3 /* Resources */ = {
			isa = PBXResourcesBuildPhase;
			buildActionMask = 2147483647;
			files = (
			);
			runOnlyForDeploymentPostprocessing = 0;
		};
		6885F5252EB17DC00052D1A3 /* Resources */ = {
			isa = PBXResourcesBuildPhase;
			buildActionMask = 2147483647;
			files = (
			);
			runOnlyForDeploymentPostprocessing = 0;
		};
		6885F52F2EB17DC00052D1A3 /* Resources */ = {
			isa = PBXResourcesBuildPhase;
			buildActionMask = 2147483647;
			files = (
			);
			runOnlyForDeploymentPostprocessing = 0;
		};
/* End PBXResourcesBuildPhase section */

/* Begin PBXSourcesBuildPhase section */
		6885F5162EB17DBD0052D1A3 /* Sources */ = {
			isa = PBXSourcesBuildPhase;
			buildActionMask = 2147483647;
			files = (
			);
			runOnlyForDeploymentPostprocessing = 0;
		};
		6885F5232EB17DC00052D1A3 /* Sources */ = {
			isa = PBXSourcesBuildPhase;
			buildActionMask = 2147483647;
			files = (
			);
			runOnlyForDeploymentPostprocessing = 0;
		};
		6885F52D2EB17DC00052D1A3 /* Sources */ = {
			isa = PBXSourcesBuildPhase;
			buildActionMask = 2147483647;
			files = (
			);
			runOnlyForDeploymentPostprocessing = 0;
		};
/* End PBXSourcesBuildPhase section */

/* Begin PBXTargetDependency section */
		6885F5292EB17DC00052D1A3 /* PBXTargetDependency */ = {
			isa = PBXTargetDependency;
			target = 6885F5192EB17DBD0052D1A3 /* CP317-Application */;
			targetProxy = 6885F5282EB17DC00052D1A3 /* PBXContainerItemProxy */;
		};
		6885F5332EB17DC00052D1A3 /* PBXTargetDependency */ = {
			isa = PBXTargetDependency;
			target = 6885F5192EB17DBD0052D1A3 /* CP317-Application */;
			targetProxy = 6885F5322EB17DC00052D1A3 /* PBXContainerItemProxy */;
		};
/* End PBXTargetDependency section */

/* Begin XCBuildConfiguration section */
		6885F5392EB17DC00052D1A3 /* Debug */ = {
			isa = XCBuildConfiguration;
			buildSettings = {
				ALWAYS_SEARCH_USER_PATHS = NO;
				ASSETCATALOG_COMPILER_GENERATE_SWIFT_ASSET_SYMBOL_EXTENSIONS = YES;
				CLANG_ANALYZER_NONNULL = YES;
				CLANG_ANALYZER_NUMBER_OBJECT_CONVERSION = YES_AGGRESSIVE;
				CLANG_CXX_LANGUAGE_STANDARD = "gnu++20";
				CLANG_ENABLE_MODULES = YES;
				CLANG_ENABLE_OBJC_ARC = YES;
				CLANG_ENABLE_OBJC_WEAK = YES;
				CLANG_WARN_BLOCK_CAPTURE_AUTORELEASING = YES;
				CLANG_WARN_BOOL_CONVERSION = YES;
				CLANG_WARN_COMMA = YES;
				CLANG_WARN_CONSTANT_CONVERSION = YES;
				CLANG_WARN_DEPRECATED_OBJC_IMPLEMENTATIONS = YES;
				CLANG_WARN_DIRECT_OBJC_ISA_USAGE = YES_ERROR;
				CLANG_WARN_DOCUMENTATION_COMMENTS = YES;
				CLANG_WARN_EMPTY_BODY = YES;
				CLANG_WARN_ENUM_CONVERSION = YES;
				CLANG_WARN_INFINITE_RECURSION = YES;
				CLANG_WARN_INT_CONVERSION = YES;
				CLANG_WARN_NON_LITERAL_NULL_CONVERSION = YES;
				CLANG_WARN_OBJC_IMPLICIT_RETAIN_SELF = YES;
				CLANG_WARN_OBJC_LITERAL_CONVERSION = YES;
				CLANG_WARN_OBJC_ROOT_CLASS = YES_ERROR;
				CLANG_WARN_QUOTED_INCLUDE_IN_FRAMEWORK_HEADER = YES;
				CLANG_WARN_RANGE_LOOP_ANALYSIS = YES;
				CLANG_WARN_STRICT_PROTOTYPES = YES;
				CLANG_WARN_SUSPICIOUS_MOVE = YES;
				CLANG_WARN_UNGUARDED_AVAILABILITY = YES_AGGRESSIVE;
				CLANG_WARN_UNREACHABLE_CODE = YES;
				CLANG_WARN__DUPLICATE_METHOD_MATCH = YES;
				COPY_PHASE_STRIP = NO;
				DEBUG_INFORMATION_FORMAT = dwarf;
				ENABLE_STRICT_OBJC_MSGSEND = YES;
				ENABLE_TESTABILITY = YES;
				ENABLE_USER_SCRIPT_SANDBOXING = YES;
				GCC_C_LANGUAGE_STANDARD = gnu17;
				GCC_DYNAMIC_NO_PIC = NO;
				GCC_NO_COMMON_BLOCKS = YES;
				GCC_OPTIMIZATION_LEVEL = 0;
				GCC_PREPROCESSOR_DEFINITIONS = (
					"DEBUG=1",
					"$(inherited)",
				);
				GCC_WARN_64_TO_32_BIT_CONVERSION = YES;
				GCC_WARN_ABOUT_RETURN_TYPE = YES_ERROR;
				GCC_WARN_UNDECLARED_SELECTOR = YES;
				GCC_WARN_UNINITIALIZED_AUTOS = YES_AGGRESSIVE;
				GCC_WARN_UNUSED_FUNCTION = YES;
				GCC_WARN_UNUSED_VARIABLE = YES;
				IPHONEOS_DEPLOYMENT_TARGET = 18.5;
				LOCALIZATION_PREFERS_STRING_CATALOGS = YES;
				MTL_ENABLE_DEBUG_INFO = INCLUDE_SOURCE;
				MTL_FAST_MATH = YES;
				ONLY_ACTIVE_ARCH = YES;
				SDKROOT = iphoneos;
				SWIFT_ACTIVE_COMPILATION_CONDITIONS = "DEBUG $(inherited)";
				SWIFT_OPTIMIZATION_LEVEL = "-Onone";
			};
			name = Debug;
		};
		6885F53A2EB17DC00052D1A3 /* Release */ = {
			isa = XCBuildConfiguration;
			buildSettings = {
				ALWAYS_SEARCH_USER_PATHS = NO;
				ASSETCATALOG_COMPILER_GENERATE_SWIFT_ASSET_SYMBOL_EXTENSIONS = YES;
				CLANG_ANALYZER_NONNULL = YES;
				CLANG_ANALYZER_NUMBER_OBJECT_CONVERSION = YES_AGGRESSIVE;
				CLANG_CXX_LANGUAGE_STANDARD = "gnu++20";
				CLANG_ENABLE_MODULES = YES;
				CLANG_ENABLE_OBJC_ARC = YES;
				CLANG_ENABLE_OBJC_WEAK = YES;
				CLANG_WARN_BLOCK_CAPTURE_AUTORELEASING = YES;
				CLANG_WARN_BOOL_CONVERSION = YES;
				CLANG_WARN_COMMA = YES;
				CLANG_WARN_CONSTANT_CONVERSION = YES;
				CLANG_WARN_DEPRECATED_OBJC_IMPLEMENTATIONS = YES;
				CLANG_WARN_DIRECT_OBJC_ISA_USAGE = YES_ERROR;
				CLANG_WARN_DOCUMENTATION_COMMENTS = YES;
				CLANG_WARN_EMPTY_BODY = YES;
				CLANG_WARN_ENUM_CONVERSION = YES;
				CLANG_WARN_INFINITE_RECURSION = YES;
				CLANG_WARN_INT_CONVERSION = YES;
				CLANG_WARN_NON_LITERAL_NULL_CONVERSION = YES;
				CLANG_WARN_OBJC_IMPLICIT_RETAIN_SELF = YES;
				CLANG_WARN_OBJC_LITERAL_CONVERSION = YES;
				CLANG_WARN_OBJC_ROOT_CLASS = YES_ERROR;
				CLANG_WARN_QUOTED_INCLUDE_IN_FRAMEWORK_HEADER = YES;
				CLANG_WARN_RANGE_LOOP_ANALYSIS = YES;
				CLANG_WARN_STRICT_PROTOTYPES = YES;
				CLANG_WARN_SUSPICIOUS_MOVE = YES;
				CLANG_WARN_UNGUARDED_AVAILABILITY = YES_AGGRESSIVE;
				CLANG_WARN_UNREACHABLE_CODE = YES;
				CLANG_WARN__DUPLICATE_METHOD_MATCH = YES;
				COPY_PHASE_STRIP = NO;
				DEBUG_INFORMATION_FORMAT = "dwarf-with-dsym";
				ENABLE_NS_ASSERTIONS = NO;
				ENABLE_STRICT_OBJC_MSGSEND = YES;
				ENABLE_USER_SCRIPT_SANDBOXING = YES;
				GCC_C_LANGUAGE_STANDARD = gnu17;
				GCC_NO_COMMON_BLOCKS = YES;
				GCC_WARN_64_TO_32_BIT_CONVERSION = YES;
				GCC_WARN_ABOUT_RETURN_TYPE = YES_ERROR;
				GCC_WARN_UNDECLARED_SELECTOR = YES;
				GCC_WARN_UNINITIALIZED_AUTOS = YES_AGGRESSIVE;
				GCC_WARN_UNUSED_FUNCTION = YES;
				GCC_WARN_UNUSED_VARIABLE = YES;
				IPHONEOS_DEPLOYMENT_TARGET = 18.5;
				LOCALIZATION_PREFERS_STRING_CATALOGS = YES;
				MTL_ENABLE_DEBUG_INFO = NO;
				MTL_FAST_MATH = YES;
				SDKROOT = iphoneos;
				SWIFT_COMPILATION_MODE = wholemodule;
				VALIDATE_PRODUCT = YES;
			};
			name = Release;
		};
		6885F53C2EB17DC00052D1A3 /* Debug */ = {
			isa = XCBuildConfiguration;
			buildSettings = {
				ASSETCATALOG_COMPILER_GLOBAL_ACCENT_COLOR_NAME = AccentColor;
				ASSETCATALOG_COMPILER_INCLUDE_ALL_APPICON_ASSETS = NO;
				CODE_SIGN_ENTITLEMENTS = "CP317-Application/CP317-Application.entitlements";
				CODE_SIGN_STYLE = Automatic;
				CURRENT_PROJECT_VERSION = 1;
				DEVELOPMENT_TEAM = 6SWQ9L673U;
				ENABLE_PREVIEWS = YES;
				GENERATE_INFOPLIST_FILE = YES;
				INFOPLIST_FILE = "CP317-Application/Info.plist";
				INFOPLIST_KEY_NSCameraUsageDescription = "We need access to your camera to scan medication bottles and documents";
				INFOPLIST_KEY_NSHealthShareUsageDescription = "We need access to your Heart Rate and Steps to display your current fitness metrics in the app.";
				INFOPLIST_KEY_NSHealthUpdateUsageDescription = "This is required for the application to function correctly.";
				INFOPLIST_KEY_NSPhotoLibraryAddUsageDescription = "We need permission to save medication schedules to your photo library";
				INFOPLIST_KEY_NSPhotoLibraryUsageDescription = "We need access to your photo library to select medication images";
				INFOPLIST_KEY_UIApplicationSceneManifest_Generation = YES;
				INFOPLIST_KEY_UIApplicationSupportsIndirectInputEvents = YES;
				INFOPLIST_KEY_UILaunchScreen_Generation = YES;
				INFOPLIST_KEY_UISupportedInterfaceOrientations_iPad = "UIInterfaceOrientationPortrait UIInterfaceOrientationPortraitUpsideDown UIInterfaceOrientationLandscapeLeft UIInterfaceOrientationLandscapeRight";
				INFOPLIST_KEY_UISupportedInterfaceOrientations_iPhone = "UIInterfaceOrientationPortrait UIInterfaceOrientationLandscapeLeft UIInterfaceOrientationLandscapeRight";
				LD_RUNPATH_SEARCH_PATHS = (
					"$(inherited)",
					"@executable_path/Frameworks",
				);
				MARKETING_VERSION = 1.0;
				PRODUCT_BUNDLE_IDENTIFIER = "Himanya.CP317-Application";
				PRODUCT_NAME = "$(TARGET_NAME)";
				SWIFT_EMIT_LOC_STRINGS = YES;
				SWIFT_VERSION = 5.0;
				TARGETED_DEVICE_FAMILY = "1,2";
			};
			name = Debug;
		};
		6885F53D2EB17DC00052D1A3 /* Release */ = {
			isa = XCBuildConfiguration;
			buildSettings = {
				ASSETCATALOG_COMPILER_GLOBAL_ACCENT_COLOR_NAME = AccentColor;
				ASSETCATALOG_COMPILER_INCLUDE_ALL_APPICON_ASSETS = NO;
				CODE_SIGN_ENTITLEMENTS = "CP317-Application/CP317-Application.entitlements";
				CODE_SIGN_STYLE = Automatic;
				CURRENT_PROJECT_VERSION = 1;
				DEVELOPMENT_TEAM = 6SWQ9L673U;
				ENABLE_PREVIEWS = YES;
				GENERATE_INFOPLIST_FILE = YES;
				INFOPLIST_FILE = "CP317-Application/Info.plist";
				INFOPLIST_KEY_NSCameraUsageDescription = "We need access to your camera to scan medication bottles and documents";
				INFOPLIST_KEY_NSHealthShareUsageDescription = "We need access to your Heart Rate and Steps to display your current fitness metrics in the app.";
				INFOPLIST_KEY_NSHealthUpdateUsageDescription = "This is required for the application to function correctly.";
				INFOPLIST_KEY_NSPhotoLibraryAddUsageDescription = "We need permission to save medication schedules to your photo library";
				INFOPLIST_KEY_NSPhotoLibraryUsageDescription = "We need access to your photo library to select medication images";
				INFOPLIST_KEY_UIApplicationSceneManifest_Generation = YES;
				INFOPLIST_KEY_UIApplicationSupportsIndirectInputEvents = YES;
				INFOPLIST_KEY_UILaunchScreen_Generation = YES;
				INFOPLIST_KEY_UISupportedInterfaceOrientations_iPad = "UIInterfaceOrientationPortrait UIInterfaceOrientationPortraitUpsideDown UIInterfaceOrientationLandscapeLeft UIInterfaceOrientationLandscapeRight";
				INFOPLIST_KEY_UISupportedInterfaceOrientations_iPhone = "UIInterfaceOrientationPortrait UIInterfaceOrientationLandscapeLeft UIInterfaceOrientationLandscapeRight";
				LD_RUNPATH_SEARCH_PATHS = (
					"$(inherited)",
					"@executable_path/Frameworks",
				);
				MARKETING_VERSION = 1.0;
				PRODUCT_BUNDLE_IDENTIFIER = "Himanya.CP317-Application";
				PRODUCT_NAME = "$(TARGET_NAME)";
				SWIFT_EMIT_LOC_STRINGS = YES;
				SWIFT_VERSION = 5.0;
				TARGETED_DEVICE_FAMILY = "1,2";
			};
			name = Release;
		};
		6885F53F2EB17DC00052D1A3 /* Debug */ = {
			isa = XCBuildConfiguration;
			buildSettings = {
				BUNDLE_LOADER = "$(TEST_HOST)";
				CODE_SIGN_STYLE = Automatic;
				CURRENT_PROJECT_VERSION = 1;
				GENERATE_INFOPLIST_FILE = YES;
				IPHONEOS_DEPLOYMENT_TARGET = 18.5;
				MARKETING_VERSION = 1.0;
				PRODUCT_BUNDLE_IDENTIFIER = "Himanya.CP317-ApplicationTests";
				PRODUCT_NAME = "$(TARGET_NAME)";
				SWIFT_EMIT_LOC_STRINGS = NO;
				SWIFT_VERSION = 5.0;
				TARGETED_DEVICE_FAMILY = "1,2";
				TEST_HOST = "$(BUILT_PRODUCTS_DIR)/CP317-Application.app/$(BUNDLE_EXECUTABLE_FOLDER_PATH)/CP317-Application";
			};
			name = Debug;
		};
		6885F5402EB17DC00052D1A3 /* Release */ = {
			isa = XCBuildConfiguration;
			buildSettings = {
				BUNDLE_LOADER = "$(TEST_HOST)";
				CODE_SIGN_STYLE = Automatic;
				CURRENT_PROJECT_VERSION = 1;
				GENERATE_INFOPLIST_FILE = YES;
				IPHONEOS_DEPLOYMENT_TARGET = 18.5;
				MARKETING_VERSION = 1.0;
				PRODUCT_BUNDLE_IDENTIFIER = "Himanya.CP317-ApplicationTests";
				PRODUCT_NAME = "$(TARGET_NAME)";
				SWIFT_EMIT_LOC_STRINGS = NO;
				SWIFT_VERSION = 5.0;
				TARGETED_DEVICE_FAMILY = "1,2";
				TEST_HOST = "$(BUILT_PRODUCTS_DIR)/CP317-Application.app/$(BUNDLE_EXECUTABLE_FOLDER_PATH)/CP317-Application";
			};
			name = Release;
		};
		6885F5422EB17DC00052D1A3 /* Debug */ = {
			isa = XCBuildConfiguration;
			buildSettings = {
				CODE_SIGN_STYLE = Automatic;
				CURRENT_PROJECT_VERSION = 1;
				GENERATE_INFOPLIST_FILE = YES;
				MARKETING_VERSION = 1.0;
				PRODUCT_BUNDLE_IDENTIFIER = "Himanya.CP317-ApplicationUITests";
				PRODUCT_NAME = "$(TARGET_NAME)";
				SWIFT_EMIT_LOC_STRINGS = NO;
				SWIFT_VERSION = 5.0;
				TARGETED_DEVICE_FAMILY = "1,2";
				TEST_TARGET_NAME = "CP317-Application";
			};
			name = Debug;
		};
		6885F5432EB17DC00052D1A3 /* Release */ = {
			isa = XCBuildConfiguration;
			buildSettings = {
				CODE_SIGN_STYLE = Automatic;
				CURRENT_PROJECT_VERSION = 1;
				GENERATE_INFOPLIST_FILE = YES;
				MARKETING_VERSION = 1.0;
				PRODUCT_BUNDLE_IDENTIFIER = "Himanya.CP317-ApplicationUITests";
				PRODUCT_NAME = "$(TARGET_NAME)";
				SWIFT_EMIT_LOC_STRINGS = NO;
				SWIFT_VERSION = 5.0;
				TARGETED_DEVICE_FAMILY = "1,2";
				TEST_TARGET_NAME = "CP317-Application";
			};
			name = Release;
		};
/* End XCBuildConfiguration section */

/* Begin XCConfigurationList section */
		6885F5152EB17DBD0052D1A3 /* Build configuration list for PBXProject "CP317-Application" */ = {
			isa = XCConfigurationList;
			buildConfigurations = (
				6885F5392EB17DC00052D1A3 /* Debug */,
				6885F53A2EB17DC00052D1A3 /* Release */,
			);
			defaultConfigurationIsVisible = 0;
			defaultConfigurationName = Release;
		};
		6885F53B2EB17DC00052D1A3 /* Build configuration list for PBXNativeTarget "CP317-Application" */ = {
			isa = XCConfigurationList;
			buildConfigurations = (
				6885F53C2EB17DC00052D1A3 /* Debug */,
				6885F53D2EB17DC00052D1A3 /* Release */,
			);
			defaultConfigurationIsVisible = 0;
			defaultConfigurationName = Release;
		};
		6885F53E2EB17DC00052D1A3 /* Build configuration list for PBXNativeTarget "CP317-ApplicationTests" */ = {
			isa = XCConfigurationList;
			buildConfigurations = (
				6885F53F2EB17DC00052D1A3 /* Debug */,
				6885F5402EB17DC00052D1A3 /* Release */,
			);
			defaultConfigurationIsVisible = 0;
			defaultConfigurationName = Release;
		};
		6885F5412EB17DC00052D1A3 /* Build configuration list for PBXNativeTarget "CP317-ApplicationUITests" */ = {
			isa = XCConfigurationList;
			buildConfigurations = (
				6885F5422EB17DC00052D1A3 /* Debug */,
				6885F5432EB17DC00052D1A3 /* Release */,
			);
			defaultConfigurationIsVisible = 0;
			defaultConfigurationName = Release;
		};
/* End XCConfigurationList section */
	};
	rootObject = 6885F5122EB17DBD0052D1A3 /* Project object */;
}
